
Microsoft Visual Studio Solution File, Format Version 12.00
# Visual Studio Version 16
VisualStudioVersion = 16.0.32002.261
MinimumVisualStudioVersion = 10.0.40219.1
Project("{888888A0-9F3D-457C-B088-3A5042F75D52}") = "LuckGame", "LuckGame\LuckGame.pyproj", "{182FB108-11B9-4866-A154-0A6819BD0794}"
EndProject
Global
	GlobalSection(SolutionConfigurationPlatforms) = preSolution
		Debug|Any CPU = Debug|Any CPU
		Release|Any CPU = Release|Any CPU
	EndGlobalSection
	GlobalSection(ProjectConfigurationPlatforms) = postSolution
		{182FB108-11B9-4866-A154-0A6819BD0794}.Debug|Any CPU.ActiveCfg = Debug|Any CPU
		{182FB108-11B9-4866-A154-0A6819BD0794}.Release|Any CPU.ActiveCfg = Release|Any CPU
	EndGlobalSection
	GlobalSection(SolutionProperties) = preSolution
		HideSolutionNode = FALSE
	EndGlobalSection
	GlobalSection(ExtensibilityGlobals) = postSolution
		SolutionGuid = {757C26EC-E8B6-47A1-9E6D-2B52E1B6CCB2}
	EndGlobalSection
EndGlobal
